# Generated by pub
# See http://pub.dartlang.org/doc/glossary.html#lockfile
packages:
  asset_pack:
    description:
      ref: null
      resolved-ref: dabedd21b95051c43476c2b085993e9c147da1f6
      url: "https://github.com/johnmccutchan/asset_pack.git"
    source: git
    version: "0.6.2"
  async:
    description: async
    source: hosted
    version: "1.0.0+1"
  browser:
    description: browser
    source: hosted
    version: "0.10.0+2"
  gorgon:
    description: gorgon
    source: hosted
    version: "0.14.0"
  simple_audio:
    description:
      ref: null
      resolved-ref: ffdeb6e94cd3a896cef27e28406c473434c61842
      url: "https://github.com/johnmccutchan/simpleaudio.git"
    source: git
    version: "0.9.0"
