# Generated by pub
# See http://pub.dartlang.org/doc/glossary.html#lockfile
packages:
  async:
    description: async
    source: hosted
    version: "1.0.0+1"
  browser:
    description: browser
    source: hosted
    version: "0.10.0+2"
  gorgon:
    description: gorgon
    source: hosted
    version: "0.14.1"
